{
  "name": "blot-git-client",
  "version": "1.0.0",
  "lockfileVersion": 1,
  "requires": true,
  "dependencies": {
    "apache-crypt": {
      "version": "1.2.1",
      "resolved": "https://registry.npmjs.org/apache-crypt/-/apache-crypt-1.2.1.tgz",
      "integrity": "sha1-1vxyqm0n2ZyVqU/RiNcx7v/6Zjw=",
      "requires": {
        "unix-crypt-td-js": "^1.0.0"
      }
    },
    "apache-md5": {
      "version": "1.1.2",
      "resolved": "https://registry.npmjs.org/apache-md5/-/apache-md5-1.1.2.tgz",
      "integrity": "sha1-7klza2ObTxCLbp5ibG2pkwa0FpI="
    },
    "bcryptjs": {
      "version": "2.4.3",
      "resolved": "https://registry.npmjs.org/bcryptjs/-/bcryptjs-2.4.3.tgz",
      "integrity": "sha1-mrVie5PmBiH/fNrF2pczAn3x0Ms="
    },
    "bindings": {
      "version": "1.3.0",
      "resolved": "https://registry.npmjs.org/bindings/-/bindings-1.3.0.tgz",
      "integrity": "sha512-DpLh5EzMR2kzvX1KIlVC0VkC3iZtHKTgdtZ0a3pglBZdaQFjt5S9g9xd1lE+YvXyfd6mtCeRnrUfOLYiTMlNSw==",
      "optional": true
    },
    "chainsaw": {
      "version": "0.0.9",
      "resolved": "https://registry.npmjs.org/chainsaw/-/chainsaw-0.0.9.tgz",
      "integrity": "sha1-EaBRAtHEx4W20EFdM21aOhYSkT4=",
      "requires": {
        "traverse": ">=0.3.0 <0.4"
      },
      "dependencies": {
        "traverse": {
          "version": "0.3.9",
          "resolved": "https://registry.npmjs.org/traverse/-/traverse-0.3.9.tgz",
          "integrity": "sha1-cXuPIgzAu3tE5AUUwisui7xw2Lk="
        }
      }
    },
    "debug": {
      "version": "4.0.1",
      "resolved": "https://registry.npmjs.org/debug/-/debug-4.0.1.tgz",
      "integrity": "sha512-K23FHJ/Mt404FSlp6gSZCevIbTMLX0j3fmHhUEhQ3Wq0FMODW3+cUSoLdy1Gx4polAf4t/lphhmHH35BB8cLYw==",
      "requires": {
        "ms": "^2.1.1"
      }
    },
    "dnode": {
      "version": "1.2.2",
      "resolved": "https://registry.npmjs.org/dnode/-/dnode-1.2.2.tgz",
      "integrity": "sha1-SsPP4m4pKzs5uCWK59lO3FgTLvo=",
      "requires": {
        "dnode-protocol": "~0.2.2",
        "jsonify": "~0.0.0",
        "weak": "^1.0.0"
      }
    },
    "dnode-protocol": {
      "version": "0.2.2",
      "resolved": "https://registry.npmjs.org/dnode-protocol/-/dnode-protocol-0.2.2.tgz",
      "integrity": "sha1-URUdFvw7X4SBXuC5SXoQYdDRlJ0=",
      "requires": {
        "jsonify": "~0.0.0",
        "traverse": "~0.6.3"
      }
    },
    "duplex-pipe": {
      "version": "0.0.2",
      "resolved": "https://registry.npmjs.org/duplex-pipe/-/duplex-pipe-0.0.2.tgz",
      "integrity": "sha1-cmpJy6ivcZ9Lo6AU8YjZof4MfCU="
    },
    "git-emit-node7": {
      "version": "0.0.1",
      "resolved": "https://registry.npmjs.org/git-emit-node7/-/git-emit-node7-0.0.1.tgz",
      "integrity": "sha1-K7eVj1P7N5VENKhVkFXvQ9cjj8I=",
      "requires": {
        "dnode": "^1.2.2",
        "seq": "0.3.x"
      }
    },
    "hashish": {
      "version": "0.0.4",
      "resolved": "https://registry.npmjs.org/hashish/-/hashish-0.0.4.tgz",
      "integrity": "sha1-bWC8b/r3Ebav1g5CbQd5iAFOZVQ=",
      "requires": {
        "traverse": ">=0.2.4"
      }
    },
    "http-auth": {
      "version": "3.2.3",
      "resolved": "https://registry.npmjs.org/http-auth/-/http-auth-3.2.3.tgz",
      "integrity": "sha1-Y2hCtx1uHyyY26Ca9UQXof74thw=",
      "requires": {
        "apache-crypt": "^1.1.2",
        "apache-md5": "^1.0.6",
        "bcryptjs": "^2.3.0",
        "uuid": "^3.0.0"
      }
    },
    "http-duplex": {
      "version": "0.0.2",
      "resolved": "https://registry.npmjs.org/http-duplex/-/http-duplex-0.0.2.tgz",
      "integrity": "sha1-/gJg8WFy3gJJHq4Qnzr0pKcEYMA=",
      "requires": {
        "duplex-pipe": "~0.0.1",
        "inherits": "~1.0.0"
      }
    },
    "inherits": {
      "version": "1.0.2",
      "resolved": "https://registry.npmjs.org/inherits/-/inherits-1.0.2.tgz",
      "integrity": "sha1-ykMJ2t7mtUzAuNJH6NfHoJdb3Js="
    },
    "jsonify": {
      "version": "0.0.0",
      "resolved": "https://registry.npmjs.org/jsonify/-/jsonify-0.0.0.tgz",
      "integrity": "sha1-LHS27kHZPKUbe1qu6PUDYx0lKnM="
    },
    "mkdirp": {
      "version": "0.3.5",
      "resolved": "http://registry.npmjs.org/mkdirp/-/mkdirp-0.3.5.tgz",
      "integrity": "sha1-3j5fiWHIjHh+4TaN+EmsRBPsqNc="
    },
    "ms": {
      "version": "2.1.1",
      "resolved": "https://registry.npmjs.org/ms/-/ms-2.1.1.tgz",
      "integrity": "sha512-tgp+dl5cGk28utYktBsrFqA7HKgrhgPsg6Z/EfhWI4gl1Hwq8B/GmY/0oXZ6nF8hDVesS/FpnYaD/kOWhYQvyg=="
    },
    "nan": {
      "version": "2.11.0",
      "resolved": "https://registry.npmjs.org/nan/-/nan-2.11.0.tgz",
      "integrity": "sha512-F4miItu2rGnV2ySkXOQoA8FKz/SR2Q2sWP0sbTxNxz/tuokeC8WxOhPMcwi0qIyGtVn/rrSeLbvVkznqCdwYnw==",
      "optional": true
    },
    "pushover": {
      "version": "1.3.6",
      "resolved": "https://registry.npmjs.org/pushover/-/pushover-1.3.6.tgz",
      "integrity": "sha1-wWjr64ugVxkCiv5c6hGFtMx+bXI=",
      "requires": {
        "http-duplex": "~0.0.2",
        "inherits": "^1.0.0",
        "mkdirp": "~0.3.4",
        "through": "~2.2.7"
      }
    },
    "seq": {
      "version": "0.3.5",
      "resolved": "https://registry.npmjs.org/seq/-/seq-0.3.5.tgz",
      "integrity": "sha1-rgKvOkJHk9jMvyEtaRdODFTf/jg=",
      "requires": {
        "chainsaw": ">=0.0.7 <0.1",
        "hashish": ">=0.0.2 <0.1"
      }
    },
    "simple-git": {
      "version": "1.100.0",
      "resolved": "https://registry.npmjs.org/simple-git/-/simple-git-1.100.0.tgz",
      "integrity": "sha512-GqTXHXRBgdxyNl9OS5OmmrY50bRvx90tIyVttv9wsqIMsJGThDGOlO5qLKHnJRAQtkqcDMEqH1DFfEvIrD7Zog==",
      "requires": {
        "debug": "^4.0.1"
      }
    },
    "through": {
      "version": "2.2.7",
      "resolved": "http://registry.npmjs.org/through/-/through-2.2.7.tgz",
      "integrity": "sha1-bo4hIAGR1OtqmfbwEN9Gqhxusr0="
    },
    "traverse": {
      "version": "0.6.6",
      "resolved": "https://registry.npmjs.org/traverse/-/traverse-0.6.6.tgz",
      "integrity": "sha1-y99WD9e5r2MlAv7UD5GMFX6pcTc="
    },
    "unix-crypt-td-js": {
      "version": "1.0.0",
      "resolved": "https://registry.npmjs.org/unix-crypt-td-js/-/unix-crypt-td-js-1.0.0.tgz",
      "integrity": "sha1-HAgkFQSBvHoB1J6Y8exmjYJBLzs="
    },
    "uuid": {
      "version": "3.3.2",
      "resolved": "https://registry.npmjs.org/uuid/-/uuid-3.3.2.tgz",
      "integrity": "sha512-yXJmeNaw3DnnKAOKJE51sL/ZaYfWJRl1pK9dr19YFCu0ObS231AB1/LbqTKRAQ5kw8A90rA6fr4riOUpTZvQZA=="
    },
    "weak": {
      "version": "1.0.1",
      "resolved": "https://registry.npmjs.org/weak/-/weak-1.0.1.tgz",
      "integrity": "sha1-q5mqswcGlZqgIAy4z1RbucszuZ4=",
      "optional": true,
      "requires": {
        "bindings": "^1.2.1",
        "nan": "^2.0.5"
      }
    }
  }
}
